PODS:
  - MobilliumBuilders (1.4.2)
  - SwiftGen (6.6.2)
  - SwiftLint (0.50.3)
  - TinyConstraints (4.0.2)

DEPENDENCIES:
  - MobilliumBuilders
  - SwiftGen (~> 6.1)
  - SwiftLint
  - TinyConstraints (~> 4.0)

SPEC REPOS:
  trunk:
    - MobilliumBuilders
    - SwiftGen
    - SwiftLint
    - TinyConstraints

SPEC CHECKSUMS:
  MobilliumBuilders: 48c29da981a9593ac7f7873d154f9a76b80ffcab
  SwiftGen: 1366a7f71aeef49954ca5a63ba4bef6b0f24138c
  SwiftLint: 77f7cb2b9bb81ab4a12fcc86448ba3f11afa50c6
  TinyConstraints: 7b7ccc0c485bb3bb47082138ff28bc33cd49897f

PODFILE CHECKSUM: 2c692004211558108b1213ab72ed79ca06bee7ca

COCOAPODS: 1.11.3
