// !$*UTF8*$!
{
	archiveVersion = 1;
	classes = {
	};
	objectVersion = 55;
	objects = {

/* Begin PBXBuildFile section */
		257851A856470F6BEE84D69F /* Pods_BasicNoteApp.framework in Frameworks */ = {isa = PBXBuildFile; fileRef = 46C554BC63D47F1CB10208CD /* Pods_BasicNoteApp.framework */; };
		FA0E592E2A9A72DB00091C7B /* ForgotPasswordRouter.swift in Sources */ = {isa = PBXBuildFile; fileRef = FA0E592B2A9A72DB00091C7B /* ForgotPasswordRouter.swift */; };
		FA0E592F2A9A72DB00091C7B /* ForgotPasswordViewController.swift in Sources */ = {isa = PBXBuildFile; fileRef = FA0E592C2A9A72DB00091C7B /* ForgotPasswordViewController.swift */; };
		FA0E59302A9A72DB00091C7B /* ForgotPasswordViewModel.swift in Sources */ = {isa = PBXBuildFile; fileRef = FA0E592D2A9A72DB00091C7B /* ForgotPasswordViewModel.swift */; };
		FA0E59322A9A72EF00091C7B /* ForgotPasswordRoute.swift in Sources */ = {isa = PBXBuildFile; fileRef = FA0E59312A9A72EF00091C7B /* ForgotPasswordRoute.swift */; };
		FA131BE82A94C39200315746 /* RegisterRouter.swift in Sources */ = {isa = PBXBuildFile; fileRef = FA131BE52A94C39200315746 /* RegisterRouter.swift */; };
		FA131BE92A94C39200315746 /* RegisterViewController.swift in Sources */ = {isa = PBXBuildFile; fileRef = FA131BE62A94C39200315746 /* RegisterViewController.swift */; };
		FA131BEA2A94C39200315746 /* RegisterViewModel.swift in Sources */ = {isa = PBXBuildFile; fileRef = FA131BE72A94C39200315746 /* RegisterViewModel.swift */; };
		FA131BF32A94CBD900315746 /* RegisterRoute.swift in Sources */ = {isa = PBXBuildFile; fileRef = FA131BF22A94CBD900315746 /* RegisterRoute.swift */; };
		FA18A9722A9F80340007DB24 /* NotesActionsAlertRoute.swift in Sources */ = {isa = PBXBuildFile; fileRef = FA18A9712A9F80340007DB24 /* NotesActionsAlertRoute.swift */; };
		FA2732612A7D821100B3A5F1 /* DataProvider.framework in Frameworks */ = {isa = PBXBuildFile; fileRef = FA2732602A7D821100B3A5F1 /* DataProvider.framework */; };
		FA2732622A7D821100B3A5F1 /* DataProvider.framework in Embed Frameworks */ = {isa = PBXBuildFile; fileRef = FA2732602A7D821100B3A5F1 /* DataProvider.framework */; settings = {ATTRIBUTES = (CodeSignOnCopy, RemoveHeadersOnCopy, ); }; };
		FA361A582A93266C00F8C08D /* BaseViewController.swift in Sources */ = {isa = PBXBuildFile; fileRef = FA361A572A93266C00F8C08D /* BaseViewController.swift */; };
		FA361A5A2A93267D00F8C08D /* BaseViewModel.swift in Sources */ = {isa = PBXBuildFile; fileRef = FA361A592A93267D00F8C08D /* BaseViewModel.swift */; };
		FA361A702A93277500F8C08D /* Utilities.framework in Frameworks */ = {isa = PBXBuildFile; fileRef = FA361A6F2A93277500F8C08D /* Utilities.framework */; };
		FA361A712A93277500F8C08D /* Utilities.framework in Embed Frameworks */ = {isa = PBXBuildFile; fileRef = FA361A6F2A93277500F8C08D /* Utilities.framework */; settings = {ATTRIBUTES = (CodeSignOnCopy, RemoveHeadersOnCopy, ); }; };
		FA9BE7B82A79242F00271907 /* AppDelegate.swift in Sources */ = {isa = PBXBuildFile; fileRef = FA9BE7B72A79242F00271907 /* AppDelegate.swift */; };
		FA9BE7C12A79243100271907 /* Assets.xcassets in Resources */ = {isa = PBXBuildFile; fileRef = FA9BE7C02A79243100271907 /* Assets.xcassets */; };
		FA9BE7C42A79243100271907 /* LaunchScreen.storyboard in Resources */ = {isa = PBXBuildFile; fileRef = FA9BE7C22A79243100271907 /* LaunchScreen.storyboard */; };
		FA9BE7CC2A7925FC00271907 /* .swiftlint.yml in Resources */ = {isa = PBXBuildFile; fileRef = FA9BE7CB2A7925FC00271907 /* .swiftlint.yml */; };
		FAA4A5B42A9671F6003233F1 /* Validation.swift in Sources */ = {isa = PBXBuildFile; fileRef = FAA4A5B32A9671F6003233F1 /* Validation.swift */; };
		FAA4A5C32A97C0BE003233F1 /* LoginRouter.swift in Sources */ = {isa = PBXBuildFile; fileRef = FAA4A5C02A97C0BE003233F1 /* LoginRouter.swift */; };
		FAA4A5C42A97C0BE003233F1 /* LoginViewController.swift in Sources */ = {isa = PBXBuildFile; fileRef = FAA4A5C12A97C0BE003233F1 /* LoginViewController.swift */; };
		FAA4A5C52A97C0BE003233F1 /* LoginViewModel.swift in Sources */ = {isa = PBXBuildFile; fileRef = FAA4A5C22A97C0BE003233F1 /* LoginViewModel.swift */; };
		FAA4A5C72A97C0CB003233F1 /* LoginRoute.swift in Sources */ = {isa = PBXBuildFile; fileRef = FAA4A5C62A97C0CB003233F1 /* LoginRoute.swift */; };
		FAB9251D2A9BE00E00C432A5 /* NotesRouter.swift in Sources */ = {isa = PBXBuildFile; fileRef = FAB9251A2A9BE00E00C432A5 /* NotesRouter.swift */; };
		FAB9251E2A9BE00E00C432A5 /* NotesViewController.swift in Sources */ = {isa = PBXBuildFile; fileRef = FAB9251B2A9BE00E00C432A5 /* NotesViewController.swift */; };
		FAB9251F2A9BE00E00C432A5 /* NotesViewModel.swift in Sources */ = {isa = PBXBuildFile; fileRef = FAB9251C2A9BE00E00C432A5 /* NotesViewModel.swift */; };
		FAB925212A9BE02400C432A5 /* NotesRoute.swift in Sources */ = {isa = PBXBuildFile; fileRef = FAB925202A9BE02400C432A5 /* NotesRoute.swift */; };
		FAF5FF342A927DBE00C6AB8F /* APIDataProvider.swift in Sources */ = {isa = PBXBuildFile; fileRef = FAF5FF332A927DBE00C6AB8F /* APIDataProvider.swift */; };
		FAF5FF362A927DFC00C6AB8F /* APIRequestInterceptor.swift in Sources */ = {isa = PBXBuildFile; fileRef = FAF5FF352A927DFC00C6AB8F /* APIRequestInterceptor.swift */; };
		FAF5FF382A927E1300C6AB8F /* APIRequestAdapter.swift in Sources */ = {isa = PBXBuildFile; fileRef = FAF5FF372A927E1300C6AB8F /* APIRequestAdapter.swift */; };
		FAF5FF3A2A927E2A00C6AB8F /* APILogger.swift in Sources */ = {isa = PBXBuildFile; fileRef = FAF5FF392A927E2A00C6AB8F /* APILogger.swift */; };
		FAF5FF3C2A927E4C00C6AB8F /* DataProvider.swift in Sources */ = {isa = PBXBuildFile; fileRef = FAF5FF3B2A927E4C00C6AB8F /* DataProvider.swift */; };
		FAF5FF412A92810300C6AB8F /* ModalTransition.swift in Sources */ = {isa = PBXBuildFile; fileRef = FAF5FF402A92810300C6AB8F /* ModalTransition.swift */; };
		FAF5FF432A92811500C6AB8F /* PlaceOnWindowTransition.swift in Sources */ = {isa = PBXBuildFile; fileRef = FAF5FF422A92811500C6AB8F /* PlaceOnWindowTransition.swift */; };
		FAF5FF452A92812B00C6AB8F /* PushTransition.swift in Sources */ = {isa = PBXBuildFile; fileRef = FAF5FF442A92812B00C6AB8F /* PushTransition.swift */; };
		FAF5FF472A92813F00C6AB8F /* Transition.swift in Sources */ = {isa = PBXBuildFile; fileRef = FAF5FF462A92813F00C6AB8F /* Transition.swift */; };
		FAF5FF4A2A92816A00C6AB8F /* AppRouter.swift in Sources */ = {isa = PBXBuildFile; fileRef = FAF5FF492A92816A00C6AB8F /* AppRouter.swift */; };
		FAF5FF4D2A9281A900C6AB8F /* Animator.swift in Sources */ = {isa = PBXBuildFile; fileRef = FAF5FF4C2A9281A900C6AB8F /* Animator.swift */; };
		FAF5FF4F2A9281BA00C6AB8F /* Router.swift in Sources */ = {isa = PBXBuildFile; fileRef = FAF5FF4E2A9281BA00C6AB8F /* Router.swift */; };
		FAF94F4B2A7A6F700007D010 /* UIComponents.framework in Frameworks */ = {isa = PBXBuildFile; fileRef = FAF94F4A2A7A6F700007D010 /* UIComponents.framework */; };
		FAF94F4C2A7A6F700007D010 /* UIComponents.framework in Embed Frameworks */ = {isa = PBXBuildFile; fileRef = FAF94F4A2A7A6F700007D010 /* UIComponents.framework */; settings = {ATTRIBUTES = (CodeSignOnCopy, RemoveHeadersOnCopy, ); }; };
/* End PBXBuildFile section */

/* Begin PBXCopyFilesBuildPhase section */
		FAF94F4D2A7A6F700007D010 /* Embed Frameworks */ = {
			isa = PBXCopyFilesBuildPhase;
			buildActionMask = 12;
			dstPath = "";
			dstSubfolderSpec = 10;
			files = (
				FAF94F4C2A7A6F700007D010 /* UIComponents.framework in Embed Frameworks */,
				FA361A712A93277500F8C08D /* Utilities.framework in Embed Frameworks */,
				FA2732622A7D821100B3A5F1 /* DataProvider.framework in Embed Frameworks */,
			);
			name = "Embed Frameworks";
			runOnlyForDeploymentPostprocessing = 0;
		};
/* End PBXCopyFilesBuildPhase section */

/* Begin PBXFileReference section */
		46C554BC63D47F1CB10208CD /* Pods_BasicNoteApp.framework */ = {isa = PBXFileReference; explicitFileType = wrapper.framework; includeInIndex = 0; path = Pods_BasicNoteApp.framework; sourceTree = BUILT_PRODUCTS_DIR; };
		CD4278D6FDF8C1D5F12AEB22 /* Pods-BasicNoteApp.release.xcconfig */ = {isa = PBXFileReference; includeInIndex = 1; lastKnownFileType = text.xcconfig; name = "Pods-BasicNoteApp.release.xcconfig"; path = "Target Support Files/Pods-BasicNoteApp/Pods-BasicNoteApp.release.xcconfig"; sourceTree = "<group>"; };
		E385A1D8CFCE14FBACB58BF8 /* Pods-BasicNoteApp.debug.xcconfig */ = {isa = PBXFileReference; includeInIndex = 1; lastKnownFileType = text.xcconfig; name = "Pods-BasicNoteApp.debug.xcconfig"; path = "Target Support Files/Pods-BasicNoteApp/Pods-BasicNoteApp.debug.xcconfig"; sourceTree = "<group>"; };
		FA0E592B2A9A72DB00091C7B /* ForgotPasswordRouter.swift */ = {isa = PBXFileReference; lastKnownFileType = sourcecode.swift; path = ForgotPasswordRouter.swift; sourceTree = "<group>"; };
		FA0E592C2A9A72DB00091C7B /* ForgotPasswordViewController.swift */ = {isa = PBXFileReference; lastKnownFileType = sourcecode.swift; path = ForgotPasswordViewController.swift; sourceTree = "<group>"; };
		FA0E592D2A9A72DB00091C7B /* ForgotPasswordViewModel.swift */ = {isa = PBXFileReference; lastKnownFileType = sourcecode.swift; path = ForgotPasswordViewModel.swift; sourceTree = "<group>"; };
		FA0E59312A9A72EF00091C7B /* ForgotPasswordRoute.swift */ = {isa = PBXFileReference; lastKnownFileType = sourcecode.swift; path = ForgotPasswordRoute.swift; sourceTree = "<group>"; };
		FA131BE52A94C39200315746 /* RegisterRouter.swift */ = {isa = PBXFileReference; lastKnownFileType = sourcecode.swift; path = RegisterRouter.swift; sourceTree = "<group>"; };
		FA131BE62A94C39200315746 /* RegisterViewController.swift */ = {isa = PBXFileReference; lastKnownFileType = sourcecode.swift; path = RegisterViewController.swift; sourceTree = "<group>"; };
		FA131BE72A94C39200315746 /* RegisterViewModel.swift */ = {isa = PBXFileReference; lastKnownFileType = sourcecode.swift; path = RegisterViewModel.swift; sourceTree = "<group>"; };
		FA131BF22A94CBD900315746 /* RegisterRoute.swift */ = {isa = PBXFileReference; lastKnownFileType = sourcecode.swift; path = RegisterRoute.swift; sourceTree = "<group>"; };
		FA18A9712A9F80340007DB24 /* NotesActionsAlertRoute.swift */ = {isa = PBXFileReference; lastKnownFileType = sourcecode.swift; path = NotesActionsAlertRoute.swift; sourceTree = "<group>"; };
		FA2732602A7D821100B3A5F1 /* DataProvider.framework */ = {isa = PBXFileReference; explicitFileType = wrapper.framework; path = DataProvider.framework; sourceTree = BUILT_PRODUCTS_DIR; };
		FA361A572A93266C00F8C08D /* BaseViewController.swift */ = {isa = PBXFileReference; lastKnownFileType = sourcecode.swift; path = BaseViewController.swift; sourceTree = "<group>"; };
		FA361A592A93267D00F8C08D /* BaseViewModel.swift */ = {isa = PBXFileReference; lastKnownFileType = sourcecode.swift; path = BaseViewModel.swift; sourceTree = "<group>"; };
		FA361A6F2A93277500F8C08D /* Utilities.framework */ = {isa = PBXFileReference; explicitFileType = wrapper.framework; path = Utilities.framework; sourceTree = BUILT_PRODUCTS_DIR; };
		FA9BE7B42A79242F00271907 /* BasicNoteApp.app */ = {isa = PBXFileReference; explicitFileType = wrapper.application; includeInIndex = 0; path = BasicNoteApp.app; sourceTree = BUILT_PRODUCTS_DIR; };
		FA9BE7B72A79242F00271907 /* AppDelegate.swift */ = {isa = PBXFileReference; lastKnownFileType = sourcecode.swift; path = AppDelegate.swift; sourceTree = "<group>"; };
		FA9BE7C02A79243100271907 /* Assets.xcassets */ = {isa = PBXFileReference; lastKnownFileType = folder.assetcatalog; path = Assets.xcassets; sourceTree = "<group>"; };
		FA9BE7C32A79243100271907 /* Base */ = {isa = PBXFileReference; lastKnownFileType = file.storyboard; name = Base; path = Base.lproj/LaunchScreen.storyboard; sourceTree = "<group>"; };
		FA9BE7C52A79243100271907 /* Info.plist */ = {isa = PBXFileReference; lastKnownFileType = text.plist.xml; path = Info.plist; sourceTree = "<group>"; };
		FA9BE7CB2A7925FC00271907 /* .swiftlint.yml */ = {isa = PBXFileReference; fileEncoding = 4; lastKnownFileType = text.yaml; path = .swiftlint.yml; sourceTree = "<group>"; };
		FAA4A5B32A9671F6003233F1 /* Validation.swift */ = {isa = PBXFileReference; lastKnownFileType = sourcecode.swift; path = Validation.swift; sourceTree = "<group>"; };
		FAA4A5C02A97C0BE003233F1 /* LoginRouter.swift */ = {isa = PBXFileReference; lastKnownFileType = sourcecode.swift; path = LoginRouter.swift; sourceTree = "<group>"; };
		FAA4A5C12A97C0BE003233F1 /* LoginViewController.swift */ = {isa = PBXFileReference; lastKnownFileType = sourcecode.swift; path = LoginViewController.swift; sourceTree = "<group>"; };
		FAA4A5C22A97C0BE003233F1 /* LoginViewModel.swift */ = {isa = PBXFileReference; lastKnownFileType = sourcecode.swift; path = LoginViewModel.swift; sourceTree = "<group>"; };
		FAA4A5C62A97C0CB003233F1 /* LoginRoute.swift */ = {isa = PBXFileReference; lastKnownFileType = sourcecode.swift; path = LoginRoute.swift; sourceTree = "<group>"; };
		FAB9251A2A9BE00E00C432A5 /* NotesRouter.swift */ = {isa = PBXFileReference; lastKnownFileType = sourcecode.swift; path = NotesRouter.swift; sourceTree = "<group>"; };
		FAB9251B2A9BE00E00C432A5 /* NotesViewController.swift */ = {isa = PBXFileReference; lastKnownFileType = sourcecode.swift; path = NotesViewController.swift; sourceTree = "<group>"; };
		FAB9251C2A9BE00E00C432A5 /* NotesViewModel.swift */ = {isa = PBXFileReference; lastKnownFileType = sourcecode.swift; path = NotesViewModel.swift; sourceTree = "<group>"; };
		FAB925202A9BE02400C432A5 /* NotesRoute.swift */ = {isa = PBXFileReference; lastKnownFileType = sourcecode.swift; path = NotesRoute.swift; sourceTree = "<group>"; };
		FAF5FF332A927DBE00C6AB8F /* APIDataProvider.swift */ = {isa = PBXFileReference; lastKnownFileType = sourcecode.swift; path = APIDataProvider.swift; sourceTree = "<group>"; };
		FAF5FF352A927DFC00C6AB8F /* APIRequestInterceptor.swift */ = {isa = PBXFileReference; lastKnownFileType = sourcecode.swift; path = APIRequestInterceptor.swift; sourceTree = "<group>"; };
		FAF5FF372A927E1300C6AB8F /* APIRequestAdapter.swift */ = {isa = PBXFileReference; lastKnownFileType = sourcecode.swift; path = APIRequestAdapter.swift; sourceTree = "<group>"; };
		FAF5FF392A927E2A00C6AB8F /* APILogger.swift */ = {isa = PBXFileReference; lastKnownFileType = sourcecode.swift; path = APILogger.swift; sourceTree = "<group>"; };
		FAF5FF3B2A927E4C00C6AB8F /* DataProvider.swift */ = {isa = PBXFileReference; lastKnownFileType = sourcecode.swift; path = DataProvider.swift; sourceTree = "<group>"; };
		FAF5FF402A92810300C6AB8F /* ModalTransition.swift */ = {isa = PBXFileReference; lastKnownFileType = sourcecode.swift; path = ModalTransition.swift; sourceTree = "<group>"; };
		FAF5FF422A92811500C6AB8F /* PlaceOnWindowTransition.swift */ = {isa = PBXFileReference; lastKnownFileType = sourcecode.swift; path = PlaceOnWindowTransition.swift; sourceTree = "<group>"; };
		FAF5FF442A92812B00C6AB8F /* PushTransition.swift */ = {isa = PBXFileReference; lastKnownFileType = sourcecode.swift; path = PushTransition.swift; sourceTree = "<group>"; };
		FAF5FF462A92813F00C6AB8F /* Transition.swift */ = {isa = PBXFileReference; lastKnownFileType = sourcecode.swift; path = Transition.swift; sourceTree = "<group>"; };
		FAF5FF492A92816A00C6AB8F /* AppRouter.swift */ = {isa = PBXFileReference; lastKnownFileType = sourcecode.swift; path = AppRouter.swift; sourceTree = "<group>"; };
		FAF5FF4C2A9281A900C6AB8F /* Animator.swift */ = {isa = PBXFileReference; lastKnownFileType = sourcecode.swift; path = Animator.swift; sourceTree = "<group>"; };
		FAF5FF4E2A9281BA00C6AB8F /* Router.swift */ = {isa = PBXFileReference; lastKnownFileType = sourcecode.swift; path = Router.swift; sourceTree = "<group>"; };
		FAF94F472A7A6EB90007D010 /* BasicNoteApp-Bridging-Header.h */ = {isa = PBXFileReference; lastKnownFileType = sourcecode.c.h; path = "BasicNoteApp-Bridging-Header.h"; sourceTree = "<group>"; };
		FAF94F4A2A7A6F700007D010 /* UIComponents.framework */ = {isa = PBXFileReference; explicitFileType = wrapper.framework; path = UIComponents.framework; sourceTree = BUILT_PRODUCTS_DIR; };
/* End PBXFileReference section */

/* Begin PBXFrameworksBuildPhase section */
		FA9BE7B12A79242F00271907 /* Frameworks */ = {
			isa = PBXFrameworksBuildPhase;
			buildActionMask = 2147483647;
			files = (
				FA2732612A7D821100B3A5F1 /* DataProvider.framework in Frameworks */,
				FAF94F4B2A7A6F700007D010 /* UIComponents.framework in Frameworks */,
				257851A856470F6BEE84D69F /* Pods_BasicNoteApp.framework in Frameworks */,
				FA361A702A93277500F8C08D /* Utilities.framework in Frameworks */,
			);
			runOnlyForDeploymentPostprocessing = 0;
		};
/* End PBXFrameworksBuildPhase section */

/* Begin PBXGroup section */
		076629EA096F0EC89FB0588D /* Frameworks */ = {
			isa = PBXGroup;
			children = (
				FA361A6F2A93277500F8C08D /* Utilities.framework */,
				FA2732602A7D821100B3A5F1 /* DataProvider.framework */,
				FAF94F4A2A7A6F700007D010 /* UIComponents.framework */,
				46C554BC63D47F1CB10208CD /* Pods_BasicNoteApp.framework */,
			);
			name = Frameworks;
			sourceTree = "<group>";
		};
		7253C68030C90CFCCAF96431 /* Pods */ = {
			isa = PBXGroup;
			children = (
				E385A1D8CFCE14FBACB58BF8 /* Pods-BasicNoteApp.debug.xcconfig */,
				CD4278D6FDF8C1D5F12AEB22 /* Pods-BasicNoteApp.release.xcconfig */,
			);
			path = Pods;
			sourceTree = "<group>";
		};
		FA0E592A2A9A72BB00091C7B /* ForgotPassword */ = {
			isa = PBXGroup;
			children = (
				FA0E592C2A9A72DB00091C7B /* ForgotPasswordViewController.swift */,
				FA0E592D2A9A72DB00091C7B /* ForgotPasswordViewModel.swift */,
				FA0E592B2A9A72DB00091C7B /* ForgotPasswordRouter.swift */,
				FA0E59312A9A72EF00091C7B /* ForgotPasswordRoute.swift */,
			);
			path = ForgotPassword;
			sourceTree = "<group>";
		};
		FA131BE32A94C36400315746 /* Auth */ = {
			isa = PBXGroup;
			children = (
				FAA4A5BF2A97C05A003233F1 /* Login */,
				FA131BE42A94C36B00315746 /* Register */,
				FA0E592A2A9A72BB00091C7B /* ForgotPassword */,
			);
			path = Auth;
			sourceTree = "<group>";
		};
		FA131BE42A94C36B00315746 /* Register */ = {
			isa = PBXGroup;
			children = (
				FA131BE62A94C39200315746 /* RegisterViewController.swift */,
				FA131BE72A94C39200315746 /* RegisterViewModel.swift */,
				FA131BF22A94CBD900315746 /* RegisterRoute.swift */,
				FA131BE52A94C39200315746 /* RegisterRouter.swift */,
			);
			path = Register;
			sourceTree = "<group>";
		};
		FA18A9672A9F27070007DB24 /* Note */ = {
			isa = PBXGroup;
			children = (
				FAB9251B2A9BE00E00C432A5 /* NotesViewController.swift */,
				FAB9251C2A9BE00E00C432A5 /* NotesViewModel.swift */,
				FAB9251A2A9BE00E00C432A5 /* NotesRouter.swift */,
				FAB925202A9BE02400C432A5 /* NotesRoute.swift */,
			);
			path = Note;
			sourceTree = "<group>";
		};
		FA361A552A93265300F8C08D /* Scenes */ = {
			isa = PBXGroup;
			children = (
				FA361A562A93265A00F8C08D /* Base */,
				FA131BE32A94C36400315746 /* Auth */,
				FAB925192A9BDCA100C432A5 /* Notes */,
			);
			path = Scenes;
			sourceTree = "<group>";
		};
		FA361A562A93265A00F8C08D /* Base */ = {
			isa = PBXGroup;
			children = (
				FA361A572A93266C00F8C08D /* BaseViewController.swift */,
				FA361A592A93267D00F8C08D /* BaseViewModel.swift */,
			);
			path = Base;
			sourceTree = "<group>";
		};
		FA9BE7AB2A79242F00271907 = {
			isa = PBXGroup;
			children = (
				FA9BE7CB2A7925FC00271907 /* .swiftlint.yml */,
				FA9BE7B62A79242F00271907 /* BasicNoteApp */,
				FA9BE7B52A79242F00271907 /* Products */,
				7253C68030C90CFCCAF96431 /* Pods */,
				076629EA096F0EC89FB0588D /* Frameworks */,
			);
			sourceTree = "<group>";
		};
		FA9BE7B52A79242F00271907 /* Products */ = {
			isa = PBXGroup;
			children = (
				FA9BE7B42A79242F00271907 /* BasicNoteApp.app */,
			);
			name = Products;
			sourceTree = "<group>";
		};
		FA9BE7B62A79242F00271907 /* BasicNoteApp */ = {
			isa = PBXGroup;
			children = (
				FAA4A5B22A9671EB003233F1 /* Validation */,
				FA361A552A93265300F8C08D /* Scenes */,
				FAF5FF3E2A9280DC00C6AB8F /* Routing */,
				FAF5FF3D2A927F4F00C6AB8F /* AppDelegate */,
				FAF5FF322A927DA400C6AB8F /* DataProvider */,
				FA9BE7C02A79243100271907 /* Assets.xcassets */,
				FA9BE7C22A79243100271907 /* LaunchScreen.storyboard */,
				FA9BE7C52A79243100271907 /* Info.plist */,
			);
			path = BasicNoteApp;
			sourceTree = "<group>";
		};
		FAA4A5B22A9671EB003233F1 /* Validation */ = {
			isa = PBXGroup;
			children = (
				FAA4A5B32A9671F6003233F1 /* Validation.swift */,
			);
			path = Validation;
			sourceTree = "<group>";
		};
		FAA4A5BF2A97C05A003233F1 /* Login */ = {
			isa = PBXGroup;
			children = (
				FAA4A5C12A97C0BE003233F1 /* LoginViewController.swift */,
				FAA4A5C22A97C0BE003233F1 /* LoginViewModel.swift */,
				FAA4A5C02A97C0BE003233F1 /* LoginRouter.swift */,
				FAA4A5C62A97C0CB003233F1 /* LoginRoute.swift */,
			);
			path = Login;
			sourceTree = "<group>";
		};
		FAB925192A9BDCA100C432A5 /* Notes */ = {
			isa = PBXGroup;
			children = (
				FA18A9672A9F27070007DB24 /* Note */,
			);
			path = Notes;
			sourceTree = "<group>";
		};
		FAF5FF322A927DA400C6AB8F /* DataProvider */ = {
			isa = PBXGroup;
			children = (
				FAF5FF332A927DBE00C6AB8F /* APIDataProvider.swift */,
				FAF5FF352A927DFC00C6AB8F /* APIRequestInterceptor.swift */,
				FAF5FF372A927E1300C6AB8F /* APIRequestAdapter.swift */,
				FAF5FF392A927E2A00C6AB8F /* APILogger.swift */,
				FAF5FF3B2A927E4C00C6AB8F /* DataProvider.swift */,
			);
			path = DataProvider;
			sourceTree = "<group>";
		};
		FAF5FF3D2A927F4F00C6AB8F /* AppDelegate */ = {
			isa = PBXGroup;
			children = (
				FA9BE7B72A79242F00271907 /* AppDelegate.swift */,
				FAF94F472A7A6EB90007D010 /* BasicNoteApp-Bridging-Header.h */,
			);
			path = AppDelegate;
			sourceTree = "<group>";
		};
		FAF5FF3E2A9280DC00C6AB8F /* Routing */ = {
			isa = PBXGroup;
			children = (
				FAF5FF4B2A9281A200C6AB8F /* Core */,
				FAF5FF482A92814F00C6AB8F /* Routers */,
				FAF5FF3F2A9280E800C6AB8F /* Transitions */,
				FA18A9712A9F80340007DB24 /* NotesActionsAlertRoute.swift */,
			);
			path = Routing;
			sourceTree = "<group>";
		};
		FAF5FF3F2A9280E800C6AB8F /* Transitions */ = {
			isa = PBXGroup;
			children = (
				FAF5FF402A92810300C6AB8F /* ModalTransition.swift */,
				FAF5FF422A92811500C6AB8F /* PlaceOnWindowTransition.swift */,
				FAF5FF442A92812B00C6AB8F /* PushTransition.swift */,
				FAF5FF462A92813F00C6AB8F /* Transition.swift */,
			);
			path = Transitions;
			sourceTree = "<group>";
		};
		FAF5FF482A92814F00C6AB8F /* Routers */ = {
			isa = PBXGroup;
			children = (
				FAF5FF492A92816A00C6AB8F /* AppRouter.swift */,
			);
			path = Routers;
			sourceTree = "<group>";
		};
		FAF5FF4B2A9281A200C6AB8F /* Core */ = {
			isa = PBXGroup;
			children = (
				FAF5FF4C2A9281A900C6AB8F /* Animator.swift */,
				FAF5FF4E2A9281BA00C6AB8F /* Router.swift */,
			);
			path = Core;
			sourceTree = "<group>";
		};
/* End PBXGroup section */

/* Begin PBXNativeTarget section */
		FA9BE7B32A79242F00271907 /* BasicNoteApp */ = {
			isa = PBXNativeTarget;
			buildConfigurationList = FA9BE7C82A79243100271907 /* Build configuration list for PBXNativeTarget "BasicNoteApp" */;
			buildPhases = (
				2BA79D585D9D8050B64ED409 /* [CP] Check Pods Manifest.lock */,
				FA9BE7CD2A79261300271907 /* Run SwiftLint */,
				FA9BE7B02A79242F00271907 /* Sources */,
				FA9BE7B12A79242F00271907 /* Frameworks */,
				FA9BE7B22A79242F00271907 /* Resources */,
				FAF94F4D2A7A6F700007D010 /* Embed Frameworks */,
				01AD85137BCEEDBB55E32D99 /* [CP] Embed Pods Frameworks */,
			);
			buildRules = (
			);
			dependencies = (
			);
			name = BasicNoteApp;
			productName = BasicNoteApp;
			productReference = FA9BE7B42A79242F00271907 /* BasicNoteApp.app */;
			productType = "com.apple.product-type.application";
		};
/* End PBXNativeTarget section */

/* Begin PBXProject section */
		FA9BE7AC2A79242F00271907 /* Project object */ = {
			isa = PBXProject;
			attributes = {
				BuildIndependentTargetsInParallel = 1;
				LastSwiftUpdateCheck = 1340;
				LastUpgradeCheck = 1340;
				TargetAttributes = {
					FA9BE7B32A79242F00271907 = {
						CreatedOnToolsVersion = 13.4.1;
						LastSwiftMigration = 1340;
					};
				};
			};
			buildConfigurationList = FA9BE7AF2A79242F00271907 /* Build configuration list for PBXProject "BasicNoteApp" */;
			compatibilityVersion = "Xcode 13.0";
			developmentRegion = en;
			hasScannedForEncodings = 0;
			knownRegions = (
				en,
				Base,
			);
			mainGroup = FA9BE7AB2A79242F00271907;
			productRefGroup = FA9BE7B52A79242F00271907 /* Products */;
			projectDirPath = "";
			projectRoot = "";
			targets = (
				FA9BE7B32A79242F00271907 /* BasicNoteApp */,
			);
		};
/* End PBXProject section */

/* Begin PBXResourcesBuildPhase section */
		FA9BE7B22A79242F00271907 /* Resources */ = {
			isa = PBXResourcesBuildPhase;
			buildActionMask = 2147483647;
			files = (
				FA9BE7CC2A7925FC00271907 /* .swiftlint.yml in Resources */,
				FA9BE7C42A79243100271907 /* LaunchScreen.storyboard in Resources */,
				FA9BE7C12A79243100271907 /* Assets.xcassets in Resources */,
			);
			runOnlyForDeploymentPostprocessing = 0;
		};
/* End PBXResourcesBuildPhase section */

/* Begin PBXShellScriptBuildPhase section */
		01AD85137BCEEDBB55E32D99 /* [CP] Embed Pods Frameworks */ = {
			isa = PBXShellScriptBuildPhase;
			buildActionMask = 2147483647;
			files = (
			);
			inputFileListPaths = (
				"${PODS_ROOT}/Target Support Files/Pods-BasicNoteApp/Pods-BasicNoteApp-frameworks-${CONFIGURATION}-input-files.xcfilelist",
			);
			name = "[CP] Embed Pods Frameworks";
			outputFileListPaths = (
				"${PODS_ROOT}/Target Support Files/Pods-BasicNoteApp/Pods-BasicNoteApp-frameworks-${CONFIGURATION}-output-files.xcfilelist",
			);
			runOnlyForDeploymentPostprocessing = 0;
			shellPath = /bin/sh;
			shellScript = "\"${PODS_ROOT}/Target Support Files/Pods-BasicNoteApp/Pods-BasicNoteApp-frameworks.sh\"\n";
			showEnvVarsInLog = 0;
		};
		2BA79D585D9D8050B64ED409 /* [CP] Check Pods Manifest.lock */ = {
			isa = PBXShellScriptBuildPhase;
			buildActionMask = 2147483647;
			files = (
			);
			inputFileListPaths = (
			);
			inputPaths = (
				"${PODS_PODFILE_DIR_PATH}/Podfile.lock",
				"${PODS_ROOT}/Manifest.lock",
			);
			name = "[CP] Check Pods Manifest.lock";
			outputFileListPaths = (
			);
			outputPaths = (
				"$(DERIVED_FILE_DIR)/Pods-BasicNoteApp-checkManifestLockResult.txt",
			);
			runOnlyForDeploymentPostprocessing = 0;
			shellPath = /bin/sh;
			shellScript = "diff \"${PODS_PODFILE_DIR_PATH}/Podfile.lock\" \"${PODS_ROOT}/Manifest.lock\" > /dev/null\nif [ $? != 0 ] ; then\n    # print error to STDERR\n    echo \"error: The sandbox is not in sync with the Podfile.lock. Run 'pod install' or update your CocoaPods installation.\" >&2\n    exit 1\nfi\n# This output is used by Xcode 'outputs' to avoid re-running this script phase.\necho \"SUCCESS\" > \"${SCRIPT_OUTPUT_FILE_0}\"\n";
			showEnvVarsInLog = 0;
		};
		FA9BE7CD2A79261300271907 /* Run SwiftLint */ = {
			isa = PBXShellScriptBuildPhase;
			buildActionMask = 2147483647;
			files = (
			);
			inputFileListPaths = (
			);
			inputPaths = (
			);
			name = "Run SwiftLint";
			outputFileListPaths = (
			);
			outputPaths = (
			);
			runOnlyForDeploymentPostprocessing = 0;
			shellPath = /bin/sh;
			shellScript = "\"${PODS_ROOT}/SwiftLint/swiftlint\"\n";
		};
/* End PBXShellScriptBuildPhase section */

/* Begin PBXSourcesBuildPhase section */
		FA9BE7B02A79242F00271907 /* Sources */ = {
			isa = PBXSourcesBuildPhase;
			buildActionMask = 2147483647;
			files = (
				FAA4A5C52A97C0BE003233F1 /* LoginViewModel.swift in Sources */,
				FAF5FF452A92812B00C6AB8F /* PushTransition.swift in Sources */,
				FAF5FF412A92810300C6AB8F /* ModalTransition.swift in Sources */,
				FAB925212A9BE02400C432A5 /* NotesRoute.swift in Sources */,
				FAB9251F2A9BE00E00C432A5 /* NotesViewModel.swift in Sources */,
				FAF5FF3A2A927E2A00C6AB8F /* APILogger.swift in Sources */,
				FA131BF32A94CBD900315746 /* RegisterRoute.swift in Sources */,
				FAF5FF432A92811500C6AB8F /* PlaceOnWindowTransition.swift in Sources */,
				FAA4A5C32A97C0BE003233F1 /* LoginRouter.swift in Sources */,
				FA361A582A93266C00F8C08D /* BaseViewController.swift in Sources */,
				FA131BE82A94C39200315746 /* RegisterRouter.swift in Sources */,
				FA361A5A2A93267D00F8C08D /* BaseViewModel.swift in Sources */,
				FA0E592F2A9A72DB00091C7B /* ForgotPasswordViewController.swift in Sources */,
				FA131BEA2A94C39200315746 /* RegisterViewModel.swift in Sources */,
				FAA4A5C72A97C0CB003233F1 /* LoginRoute.swift in Sources */,
				FAA4A5C42A97C0BE003233F1 /* LoginViewController.swift in Sources */,
				FAF5FF362A927DFC00C6AB8F /* APIRequestInterceptor.swift in Sources */,
				FA0E59302A9A72DB00091C7B /* ForgotPasswordViewModel.swift in Sources */,
				FA18A9722A9F80340007DB24 /* NotesActionsAlertRoute.swift in Sources */,
				FAF5FF472A92813F00C6AB8F /* Transition.swift in Sources */,
				FAF5FF382A927E1300C6AB8F /* APIRequestAdapter.swift in Sources */,
				FAF5FF4D2A9281A900C6AB8F /* Animator.swift in Sources */,
				FA0E592E2A9A72DB00091C7B /* ForgotPasswordRouter.swift in Sources */,
				FAF5FF3C2A927E4C00C6AB8F /* DataProvider.swift in Sources */,
				FAF5FF4A2A92816A00C6AB8F /* AppRouter.swift in Sources */,
				FA131BE92A94C39200315746 /* RegisterViewController.swift in Sources */,
				FA0E59322A9A72EF00091C7B /* ForgotPasswordRoute.swift in Sources */,
				FAF5FF4F2A9281BA00C6AB8F /* Router.swift in Sources */,
				FA9BE7B82A79242F00271907 /* AppDelegate.swift in Sources */,
				FAB9251E2A9BE00E00C432A5 /* NotesViewController.swift in Sources */,
				FAA4A5B42A9671F6003233F1 /* Validation.swift in Sources */,
				FAF5FF342A927DBE00C6AB8F /* APIDataProvider.swift in Sources */,
				FAB9251D2A9BE00E00C432A5 /* NotesRouter.swift in Sources */,
			);
			runOnlyForDeploymentPostprocessing = 0;
		};
/* End PBXSourcesBuildPhase section */

/* Begin PBXVariantGroup section */
		FA9BE7C22A79243100271907 /* LaunchScreen.storyboard */ = {
			isa = PBXVariantGroup;
			children = (
				FA9BE7C32A79243100271907 /* Base */,
			);
			name = LaunchScreen.storyboard;
			sourceTree = "<group>";
		};
/* End PBXVariantGroup section */

/* Begin XCBuildConfiguration section */
		FA9BE7C62A79243100271907 /* Debug */ = {
			isa = XCBuildConfiguration;
			buildSettings = {
				ALWAYS_SEARCH_USER_PATHS = NO;
				CLANG_ANALYZER_NONNULL = YES;
				CLANG_ANALYZER_NUMBER_OBJECT_CONVERSION = YES_AGGRESSIVE;
				CLANG_CXX_LANGUAGE_STANDARD = "gnu++17";
				CLANG_ENABLE_MODULES = YES;
				CLANG_ENABLE_OBJC_ARC = YES;
				CLANG_ENABLE_OBJC_WEAK = YES;
				CLANG_WARN_BLOCK_CAPTURE_AUTORELEASING = YES;
				CLANG_WARN_BOOL_CONVERSION = YES;
				CLANG_WARN_COMMA = YES;
				CLANG_WARN_CONSTANT_CONVERSION = YES;
				CLANG_WARN_DEPRECATED_OBJC_IMPLEMENTATIONS = YES;
				CLANG_WARN_DIRECT_OBJC_ISA_USAGE = YES_ERROR;
				CLANG_WARN_DOCUMENTATION_COMMENTS = YES;
				CLANG_WARN_EMPTY_BODY = YES;
				CLANG_WARN_ENUM_CONVERSION = YES;
				CLANG_WARN_INFINITE_RECURSION = YES;
				CLANG_WARN_INT_CONVERSION = YES;
				CLANG_WARN_NON_LITERAL_NULL_CONVERSION = YES;
				CLANG_WARN_OBJC_IMPLICIT_RETAIN_SELF = YES;
				CLANG_WARN_OBJC_LITERAL_CONVERSION = YES;
				CLANG_WARN_OBJC_ROOT_CLASS = YES_ERROR;
				CLANG_WARN_QUOTED_INCLUDE_IN_FRAMEWORK_HEADER = YES;
				CLANG_WARN_RANGE_LOOP_ANALYSIS = YES;
				CLANG_WARN_STRICT_PROTOTYPES = YES;
				CLANG_WARN_SUSPICIOUS_MOVE = YES;
				CLANG_WARN_UNGUARDED_AVAILABILITY = YES_AGGRESSIVE;
				CLANG_WARN_UNREACHABLE_CODE = YES;
				CLANG_WARN__DUPLICATE_METHOD_MATCH = YES;
				COPY_PHASE_STRIP = NO;
				DEBUG_INFORMATION_FORMAT = dwarf;
				ENABLE_STRICT_OBJC_MSGSEND = YES;
				ENABLE_TESTABILITY = YES;
				GCC_C_LANGUAGE_STANDARD = gnu11;
				GCC_DYNAMIC_NO_PIC = NO;
				GCC_NO_COMMON_BLOCKS = YES;
				GCC_OPTIMIZATION_LEVEL = 0;
				GCC_PREPROCESSOR_DEFINITIONS = (
					"DEBUG=1",
					"$(inherited)",
				);
				GCC_WARN_64_TO_32_BIT_CONVERSION = YES;
				GCC_WARN_ABOUT_RETURN_TYPE = YES_ERROR;
				GCC_WARN_UNDECLARED_SELECTOR = YES;
				GCC_WARN_UNINITIALIZED_AUTOS = YES_AGGRESSIVE;
				GCC_WARN_UNUSED_FUNCTION = YES;
				GCC_WARN_UNUSED_VARIABLE = YES;
				IPHONEOS_DEPLOYMENT_TARGET = 12.0;
				MTL_ENABLE_DEBUG_INFO = INCLUDE_SOURCE;
				MTL_FAST_MATH = YES;
				ONLY_ACTIVE_ARCH = YES;
				SDKROOT = iphoneos;
				SWIFT_ACTIVE_COMPILATION_CONDITIONS = DEBUG;
				SWIFT_OPTIMIZATION_LEVEL = "-Onone";
			};
			name = Debug;
		};
		FA9BE7C72A79243100271907 /* Release */ = {
			isa = XCBuildConfiguration;
			buildSettings = {
				ALWAYS_SEARCH_USER_PATHS = NO;
				CLANG_ANALYZER_NONNULL = YES;
				CLANG_ANALYZER_NUMBER_OBJECT_CONVERSION = YES_AGGRESSIVE;
				CLANG_CXX_LANGUAGE_STANDARD = "gnu++17";
				CLANG_ENABLE_MODULES = YES;
				CLANG_ENABLE_OBJC_ARC = YES;
				CLANG_ENABLE_OBJC_WEAK = YES;
				CLANG_WARN_BLOCK_CAPTURE_AUTORELEASING = YES;
				CLANG_WARN_BOOL_CONVERSION = YES;
				CLANG_WARN_COMMA = YES;
				CLANG_WARN_CONSTANT_CONVERSION = YES;
				CLANG_WARN_DEPRECATED_OBJC_IMPLEMENTATIONS = YES;
				CLANG_WARN_DIRECT_OBJC_ISA_USAGE = YES_ERROR;
				CLANG_WARN_DOCUMENTATION_COMMENTS = YES;
				CLANG_WARN_EMPTY_BODY = YES;
				CLANG_WARN_ENUM_CONVERSION = YES;
				CLANG_WARN_INFINITE_RECURSION = YES;
				CLANG_WARN_INT_CONVERSION = YES;
				CLANG_WARN_NON_LITERAL_NULL_CONVERSION = YES;
				CLANG_WARN_OBJC_IMPLICIT_RETAIN_SELF = YES;
				CLANG_WARN_OBJC_LITERAL_CONVERSION = YES;
				CLANG_WARN_OBJC_ROOT_CLASS = YES_ERROR;
				CLANG_WARN_QUOTED_INCLUDE_IN_FRAMEWORK_HEADER = YES;
				CLANG_WARN_RANGE_LOOP_ANALYSIS = YES;
				CLANG_WARN_STRICT_PROTOTYPES = YES;
				CLANG_WARN_SUSPICIOUS_MOVE = YES;
				CLANG_WARN_UNGUARDED_AVAILABILITY = YES_AGGRESSIVE;
				CLANG_WARN_UNREACHABLE_CODE = YES;
				CLANG_WARN__DUPLICATE_METHOD_MATCH = YES;
				COPY_PHASE_STRIP = NO;
				DEBUG_INFORMATION_FORMAT = "dwarf-with-dsym";
				ENABLE_NS_ASSERTIONS = NO;
				ENABLE_STRICT_OBJC_MSGSEND = YES;
				GCC_C_LANGUAGE_STANDARD = gnu11;
				GCC_NO_COMMON_BLOCKS = YES;
				GCC_WARN_64_TO_32_BIT_CONVERSION = YES;
				GCC_WARN_ABOUT_RETURN_TYPE = YES_ERROR;
				GCC_WARN_UNDECLARED_SELECTOR = YES;
				GCC_WARN_UNINITIALIZED_AUTOS = YES_AGGRESSIVE;
				GCC_WARN_UNUSED_FUNCTION = YES;
				GCC_WARN_UNUSED_VARIABLE = YES;
				IPHONEOS_DEPLOYMENT_TARGET = 12.0;
				MTL_ENABLE_DEBUG_INFO = NO;
				MTL_FAST_MATH = YES;
				SDKROOT = iphoneos;
				SWIFT_COMPILATION_MODE = wholemodule;
				SWIFT_OPTIMIZATION_LEVEL = "-O";
				VALIDATE_PRODUCT = YES;
			};
			name = Release;
		};
		FA9BE7C92A79243100271907 /* Debug */ = {
			isa = XCBuildConfiguration;
			baseConfigurationReference = E385A1D8CFCE14FBACB58BF8 /* Pods-BasicNoteApp.debug.xcconfig */;
			buildSettings = {
				ASSETCATALOG_COMPILER_APPICON_NAME = AppIcon;
				ASSETCATALOG_COMPILER_GLOBAL_ACCENT_COLOR_NAME = AccentColor;
				CLANG_ENABLE_MODULES = YES;
				CODE_SIGN_ENTITLEMENTS = "";
				CODE_SIGN_STYLE = Automatic;
				CURRENT_PROJECT_VERSION = 1;
				DEVELOPMENT_TEAM = 6KBC8FTKD3;
				GENERATE_INFOPLIST_FILE = YES;
				INFOPLIST_FILE = BasicNoteApp/Info.plist;
				INFOPLIST_KEY_UIApplicationSupportsIndirectInputEvents = YES;
				INFOPLIST_KEY_UILaunchStoryboardName = LaunchScreen;
				INFOPLIST_KEY_UISupportedInterfaceOrientations_iPad = "UIInterfaceOrientationPortrait UIInterfaceOrientationPortraitUpsideDown UIInterfaceOrientationLandscapeLeft UIInterfaceOrientationLandscapeRight";
				INFOPLIST_KEY_UISupportedInterfaceOrientations_iPhone = "UIInterfaceOrientationPortrait UIInterfaceOrientationLandscapeLeft UIInterfaceOrientationLandscapeRight";
				IPHONEOS_DEPLOYMENT_TARGET = 12.0;
				LD_RUNPATH_SEARCH_PATHS = (
					"$(inherited)",
					"@executable_path/Frameworks",
				);
				MARKETING_VERSION = 1.0;
				PRODUCT_BUNDLE_IDENTIFIER = UmitBakiDikbiyik.BasicNoteApp;
				PRODUCT_NAME = "$(TARGET_NAME)";
				SWIFT_EMIT_LOC_STRINGS = YES;
				SWIFT_OBJC_BRIDGING_HEADER = "BasicNoteApp/AppDelegate/BasicNoteApp-Bridging-Header.h";
				SWIFT_OPTIMIZATION_LEVEL = "-Onone";
				SWIFT_VERSION = 5.0;
				TARGETED_DEVICE_FAMILY = 1;
			};
			name = Debug;
		};
		FA9BE7CA2A79243100271907 /* Release */ = {
			isa = XCBuildConfiguration;
			baseConfigurationReference = CD4278D6FDF8C1D5F12AEB22 /* Pods-BasicNoteApp.release.xcconfig */;
			buildSettings = {
				ASSETCATALOG_COMPILER_APPICON_NAME = AppIcon;
				ASSETCATALOG_COMPILER_GLOBAL_ACCENT_COLOR_NAME = AccentColor;
				CLANG_ENABLE_MODULES = YES;
				CODE_SIGN_ENTITLEMENTS = "";
				CODE_SIGN_STYLE = Automatic;
				CURRENT_PROJECT_VERSION = 1;
				DEVELOPMENT_TEAM = 6KBC8FTKD3;
				GENERATE_INFOPLIST_FILE = YES;
				INFOPLIST_FILE = BasicNoteApp/Info.plist;
				INFOPLIST_KEY_UIApplicationSupportsIndirectInputEvents = YES;
				INFOPLIST_KEY_UILaunchStoryboardName = LaunchScreen;
				INFOPLIST_KEY_UISupportedInterfaceOrientations_iPad = "UIInterfaceOrientationPortrait UIInterfaceOrientationPortraitUpsideDown UIInterfaceOrientationLandscapeLeft UIInterfaceOrientationLandscapeRight";
				INFOPLIST_KEY_UISupportedInterfaceOrientations_iPhone = "UIInterfaceOrientationPortrait UIInterfaceOrientationLandscapeLeft UIInterfaceOrientationLandscapeRight";
				IPHONEOS_DEPLOYMENT_TARGET = 12.0;
				LD_RUNPATH_SEARCH_PATHS = (
					"$(inherited)",
					"@executable_path/Frameworks",
				);
				MARKETING_VERSION = 1.0;
				PRODUCT_BUNDLE_IDENTIFIER = UmitBakiDikbiyik.BasicNoteApp;
				PRODUCT_NAME = "$(TARGET_NAME)";
				SWIFT_EMIT_LOC_STRINGS = YES;
				SWIFT_OBJC_BRIDGING_HEADER = "BasicNoteApp/AppDelegate/BasicNoteApp-Bridging-Header.h";
				SWIFT_VERSION = 5.0;
				TARGETED_DEVICE_FAMILY = 1;
			};
			name = Release;
		};
/* End XCBuildConfiguration section */

/* Begin XCConfigurationList section */
		FA9BE7AF2A79242F00271907 /* Build configuration list for PBXProject "BasicNoteApp" */ = {
			isa = XCConfigurationList;
			buildConfigurations = (
				FA9BE7C62A79243100271907 /* Debug */,
				FA9BE7C72A79243100271907 /* Release */,
			);
			defaultConfigurationIsVisible = 0;
			defaultConfigurationName = Release;
		};
		FA9BE7C82A79243100271907 /* Build configuration list for PBXNativeTarget "BasicNoteApp" */ = {
			isa = XCConfigurationList;
			buildConfigurations = (
				FA9BE7C92A79243100271907 /* Debug */,
				FA9BE7CA2A79243100271907 /* Release */,
			);
			defaultConfigurationIsVisible = 0;
			defaultConfigurationName = Release;
		};
/* End XCConfigurationList section */
	};
	rootObject = FA9BE7AC2A79242F00271907 /* Project object */;
}
